{
  "nodes": {
    "nixpkgs": {
      "locked": {
        "lastModified": 1784924294,
        "narHash": "sha256-+r+QHuDulkdd0XQwhkEeVaQfKeI/HGPnipIvu/LVNzs=",
        "owner": "NixOS",
        "repo": "nixpkgs",
        "rev": "ae44a8af97f43df84d10dc5a2841e764bf72f5e6",
        "type": "github"
      },
      "original": {
        "owner": "NixOS",
        "ref": "release-26.05",
        "repo": "nixpkgs",
        "type": "github"
      }
    },
    "root": {
      "inputs": {
        "nixpkgs": "nixpkgs"
      }
    }
  },
  "root": "root",
  "version": 7
}
